// !$*UTF8*$!
{
	archiveVersion = 1;
	classes = {
	};
	objectVersion = 50;
	objects = {

/* Begin PBXBuildFile section */
		E302161123BBC93C002BFDFA /* AppDelegate.swift in Sources */ = {isa = PBXBuildFile; fileRef = E302161023BBC93C002BFDFA /* AppDelegate.swift */; };
		E302161323BBC93C002BFDFA /* SceneDelegate.swift in Sources */ = {isa = PBXBuildFile; fileRef = E302161223BBC93C002BFDFA /* SceneDelegate.swift */; };
		E302161523BBC93C002BFDFA /* ViewController.swift in Sources */ = {isa = PBXBuildFile; fileRef = E302161423BBC93C002BFDFA /* ViewController.swift */; };
		E302161823BBC93C002BFDFA /* Main.storyboard in Resources */ = {isa = PBXBuildFile; fileRef = E302161623BBC93C002BFDFA /* Main.storyboard */; };
		E302161A23BBC93D002BFDFA /* Assets.xcassets in Resources */ = {isa = PBXBuildFile; fileRef = E302161923BBC93D002BFDFA /* Assets.xcassets */; };
		E302161D23BBC93D002BFDFA /* LaunchScreen.storyboard in Resources */ = {isa = PBXBuildFile; fileRef = E302161B23BBC93D002BFDFA /* LaunchScreen.storyboard */; };
		E302162523BBC9AF002BFDFA /* FirstChildVC.swift in Sources */ = {isa = PBXBuildFile; fileRef = E302162423BBC9AE002BFDFA /* FirstChildVC.swift */; };
		E302162723BBC9BF002BFDFA /* SecondChildVC.swift in Sources */ = {isa = PBXBuildFile; fileRef = E302162623BBC9BF002BFDFA /* SecondChildVC.swift */; };
/* End PBXBuildFile section */

/* Begin PBXFileReference section */
		E302160D23BBC93C002BFDFA /* ChildViewControllers.app */ = {isa = PBXFileReference; explicitFileType = wrapper.application; includeInIndex = 0; path = ChildViewControllers.app; sourceTree = BUILT_PRODUCTS_DIR; };
		E302161023BBC93C002BFDFA /* AppDelegate.swift */ = {isa = PBXFileReference; lastKnownFileType = sourcecode.swift; path = AppDelegate.swift; sourceTree = "<group>"; };
		E302161223BBC93C002BFDFA /* SceneDelegate.swift */ = {isa = PBXFileReference; lastKnownFileType = sourcecode.swift; path = SceneDelegate.swift; sourceTree = "<group>"; };
		E302161423BBC93C002BFDFA /* ViewController.swift */ = {isa = PBXFileReference; lastKnownFileType = sourcecode.swift; path = ViewController.swift; sourceTree = "<group>"; };
		E302161723BBC93C002BFDFA /* Base */ = {isa = PBXFileReference; lastKnownFileType = file.storyboard; name = Base; path = Base.lproj/Main.storyboard; sourceTree = "<group>"; };
		E302161923BBC93D002BFDFA /* Assets.xcassets */ = {isa = PBXFileReference; lastKnownFileType = folder.assetcatalog; path = Assets.xcassets; sourceTree = "<group>"; };
		E302161C23BBC93D002BFDFA /* Base */ = {isa = PBXFileReference; lastKnownFileType = file.storyboard; name = Base; path = Base.lproj/LaunchScreen.storyboard; sourceTree = "<group>"; };
		E302161E23BBC93D002BFDFA /* Info.plist */ = {isa = PBXFileReference; lastKnownFileType = text.plist.xml; path = Info.plist; sourceTree = "<group>"; };
		E302162423BBC9AE002BFDFA /* FirstChildVC.swift */ = {isa = PBXFileReference; lastKnownFileType = sourcecode.swift; path = FirstChildVC.swift; sourceTree = "<group>"; };
		E302162623BBC9BF002BFDFA /* SecondChildVC.swift */ = {isa = PBXFileReference; lastKnownFileType = sourcecode.swift; path = SecondChildVC.swift; sourceTree = "<group>"; };
/* End PBXFileReference section */

/* Begin PBXFrameworksBuildPhase section */
		E302160A23BBC93C002BFDFA /* Frameworks */ = {
			isa = PBXFrameworksBuildPhase;
			buildActionMask = 2147483647;
			files = (
			);
			runOnlyForDeploymentPostprocessing = 0;
		};
/* End PBXFrameworksBuildPhase section */

/* Begin PBXGroup section */
		E302160423BBC93C002BFDFA = {
			isa = PBXGroup;
			children = (
				E302160F23BBC93C002BFDFA /* ChildViewControllers */,
				E302160E23BBC93C002BFDFA /* Products */,
			);
			sourceTree = "<group>";
		};
		E302160E23BBC93C002BFDFA /* Products */ = {
			isa = PBXGroup;
			children = (
				E302160D23BBC93C002BFDFA /* ChildViewControllers.app */,
			);
			name = Products;
			sourceTree = "<group>";
		};
		E302160F23BBC93C002BFDFA /* ChildViewControllers */ = {
			isa = PBXGroup;
			children = (
				E302161023BBC93C002BFDFA /* AppDelegate.swift */,
				E302161223BBC93C002BFDFA /* SceneDelegate.swift */,
				E302161423BBC93C002BFDFA /* ViewController.swift */,
				E302161623BBC93C002BFDFA /* Main.storyboard */,
				E302162423BBC9AE002BFDFA /* FirstChildVC.swift */,
				E302162623BBC9BF002BFDFA /* SecondChildVC.swift */,
				E302161923BBC93D002BFDFA /* Assets.xcassets */,
				E302161B23BBC93D002BFDFA /* LaunchScreen.storyboard */,
				E302161E23BBC93D002BFDFA /* Info.plist */,
			);
			path = ChildViewControllers;
			sourceTree = "<group>";
		};
/* End PBXGroup section */

/* Begin PBXNativeTarget section */
		E302160C23BBC93C002BFDFA /* ChildViewControllers */ = {
			isa = PBXNativeTarget;
			buildConfigurationList = E302162123BBC93D002BFDFA /* Build configuration list for PBXNativeTarget "ChildViewControllers" */;
			buildPhases = (
				E302160923BBC93C002BFDFA /* Sources */,
				E302160A23BBC93C002BFDFA /* Frameworks */,
				E302160B23BBC93C002BFDFA /* Resources */,
			);
			buildRules = (
			);
			dependencies = (
			);
			name = ChildViewControllers;
			productName = ChildViewControllers;
			productReference = E302160D23BBC93C002BFDFA /* ChildViewControllers.app */;
			productType = "com.apple.product-type.application";
		};
/* End PBXNativeTarget section */

/* Begin PBXProject section */
		E302160523BBC93C002BFDFA /* Project object */ = {
			isa = PBXProject;
			attributes = {
				LastSwiftUpdateCheck = 1130;
				LastUpgradeCheck = 1130;
				ORGANIZATIONNAME = "Myo Thura Zaw";
				TargetAttributes = {
					E302160C23BBC93C002BFDFA = {
						CreatedOnToolsVersion = 11.3;
					};
				};
			};
			buildConfigurationList = E302160823BBC93C002BFDFA /* Build configuration list for PBXProject "ChildViewControllers" */;
			compatibilityVersion = "Xcode 9.3";
			developmentRegion = en;
			hasScannedForEncodings = 0;
			knownRegions = (
				en,
				Base,
			);
			mainGroup = E302160423BBC93C002BFDFA;
			productRefGroup = E302160E23BBC93C002BFDFA /* Products */;
			projectDirPath = "";
			projectRoot = "";
			targets = (
				E302160C23BBC93C002BFDFA /* ChildViewControllers */,
			);
		};
/* End PBXProject section */

/* Begin PBXResourcesBuildPhase section */
		E302160B23BBC93C002BFDFA /* Resources */ = {
			isa = PBXResourcesBuildPhase;
			buildActionMask = 2147483647;
			files = (
				E302161D23BBC93D002BFDFA /* LaunchScreen.storyboard in Resources */,
				E302161A23BBC93D002BFDFA /* Assets.xcassets in Resources */,
				E302161823BBC93C002BFDFA /* Main.storyboard in Resources */,
			);
			runOnlyForDeploymentPostprocessing = 0;
		};
/* End PBXResourcesBuildPhase section */

/* Begin PBXSourcesBuildPhase section */
		E302160923BBC93C002BFDFA /* Sources */ = {
			isa = PBXSourcesBuildPhase;
			buildActionMask = 2147483647;
			files = (
				E302161523BBC93C002BFDFA /* ViewController.swift in Sources */,
				E302162723BBC9BF002BFDFA /* SecondChildVC.swift in Sources */,
				E302161123BBC93C002BFDFA /* AppDelegate.swift in Sources */,
				E302162523BBC9AF002BFDFA /* FirstChildVC.swift in Sources */,
				E302161323BBC93C002BFDFA /* SceneDelegate.swift in Sources */,
			);
			runOnlyForDeploymentPostprocessing = 0;
		};
/* End PBXSourcesBuildPhase section */

/* Begin PBXVariantGroup section */
		E302161623BBC93C002BFDFA /* Main.storyboard */ = {
			isa = PBXVariantGroup;
			children = (
				E302161723BBC93C002BFDFA /* Base */,
			);
			name = Main.storyboard;
			sourceTree = "<group>";
		};
		E302161B23BBC93D002BFDFA /* LaunchScreen.storyboard */ = {
			isa = PBXVariantGroup;
			children = (
				E302161C23BBC93D002BFDFA /* Base */,
			);
			name = LaunchScreen.storyboard;
			sourceTree = "<group>";
		};
/* End PBXVariantGroup section */

/* Begin XCBuildConfiguration section */
		E302161F23BBC93D002BFDFA /* Debug */ = {
			isa = XCBuildConfiguration;
			buildSettings = {
				ALWAYS_SEARCH_USER_PATHS = NO;
				CLANG_ANALYZER_NONNULL = YES;
				CLANG_ANALYZER_NUMBER_OBJECT_CONVERSION = YES_AGGRESSIVE;
				CLANG_CXX_LANGUAGE_STANDARD = "gnu++14";
				CLANG_CXX_LIBRARY = "libc++";
				CLANG_ENABLE_MODULES = YES;
				CLANG_ENABLE_OBJC_ARC = YES;
				CLANG_ENABLE_OBJC_WEAK = YES;
				CLANG_WARN_BLOCK_CAPTURE_AUTORELEASING = YES;
				CLANG_WARN_BOOL_CONVERSION = YES;
				CLANG_WARN_COMMA = YES;
				CLANG_WARN_CONSTANT_CONVERSION = YES;
				CLANG_WARN_DEPRECATED_OBJC_IMPLEMENTATIONS = YES;
				CLANG_WARN_DIRECT_OBJC_ISA_USAGE = YES_ERROR;
				CLANG_WARN_DOCUMENTATION_COMMENTS = YES;
				CLANG_WARN_EMPTY_BODY = YES;
				CLANG_WARN_ENUM_CONVERSION = YES;
				CLANG_WARN_INFINITE_RECURSION = YES;
				CLANG_WARN_INT_CONVERSION = YES;
				CLANG_WARN_NON_LITERAL_NULL_CONVERSION = YES;
				CLANG_WARN_OBJC_IMPLICIT_RETAIN_SELF = YES;
				CLANG_WARN_OBJC_LITERAL_CONVERSION = YES;
				CLANG_WARN_OBJC_ROOT_CLASS = YES_ERROR;
				CLANG_WARN_RANGE_LOOP_ANALYSIS = YES;
				CLANG_WARN_STRICT_PROTOTYPES = YES;
				CLANG_WARN_SUSPICIOUS_MOVE = YES;
				CLANG_WARN_UNGUARDED_AVAILABILITY = YES_AGGRESSIVE;
				CLANG_WARN_UNREACHABLE_CODE = YES;
				CLANG_WARN__DUPLICATE_METHOD_MATCH = YES;
				COPY_PHASE_STRIP = NO;
				DEBUG_INFORMATION_FORMAT = dwarf;
				ENABLE_STRICT_OBJC_MSGSEND = YES;
				ENABLE_TESTABILITY = YES;
				GCC_C_LANGUAGE_STANDARD = gnu11;
				GCC_DYNAMIC_NO_PIC = NO;
				GCC_NO_COMMON_BLOCKS = YES;
				GCC_OPTIMIZATION_LEVEL = 0;
				GCC_PREPROCESSOR_DEFINITIONS = (
					"DEBUG=1",
					"$(inherited)",
				);
				GCC_WARN_64_TO_32_BIT_CONVERSION = YES;
				GCC_WARN_ABOUT_RETURN_TYPE = YES_ERROR;
				GCC_WARN_UNDECLARED_SELECTOR = YES;
				GCC_WARN_UNINITIALIZED_AUTOS = YES_AGGRESSIVE;
				GCC_WARN_UNUSED_FUNCTION = YES;
				GCC_WARN_UNUSED_VARIABLE = YES;
				IPHONEOS_DEPLOYMENT_TARGET = 13.2;
				MTL_ENABLE_DEBUG_INFO = INCLUDE_SOURCE;
				MTL_FAST_MATH = YES;
				ONLY_ACTIVE_ARCH = YES;
				SDKROOT = iphoneos;
				SWIFT_ACTIVE_COMPILATION_CONDITIONS = DEBUG;
				SWIFT_OPTIMIZATION_LEVEL = "-Onone";
			};
			name = Debug;
		};
		E302162023BBC93D002BFDFA /* Release */ = {
			isa = XCBuildConfiguration;
			buildSettings = {
				ALWAYS_SEARCH_USER_PATHS = NO;
				CLANG_ANALYZER_NONNULL = YES;
				CLANG_ANALYZER_NUMBER_OBJECT_CONVERSION = YES_AGGRESSIVE;
				CLANG_CXX_LANGUAGE_STANDARD = "gnu++14";
				CLANG_CXX_LIBRARY = "libc++";
				CLANG_ENABLE_MODULES = YES;
				CLANG_ENABLE_OBJC_ARC = YES;
				CLANG_ENABLE_OBJC_WEAK = YES;
				CLANG_WARN_BLOCK_CAPTURE_AUTORELEASING = YES;
				CLANG_WARN_BOOL_CONVERSION = YES;
				CLANG_WARN_COMMA = YES;
				CLANG_WARN_CONSTANT_CONVERSION = YES;
				CLANG_WARN_DEPRECATED_OBJC_IMPLEMENTATIONS = YES;
				CLANG_WARN_DIRECT_OBJC_ISA_USAGE = YES_ERROR;
				CLANG_WARN_DOCUMENTATION_COMMENTS = YES;
				CLANG_WARN_EMPTY_BODY = YES;
				CLANG_WARN_ENUM_CONVERSION = YES;
				CLANG_WARN_INFINITE_RECURSION = YES;
				CLANG_WARN_INT_CONVERSION = YES;
				CLANG_WARN_NON_LITERAL_NULL_CONVERSION = YES;
				CLANG_WARN_OBJC_IMPLICIT_RETAIN_SELF = YES;
				CLANG_WARN_OBJC_LITERAL_CONVERSION = YES;
				CLANG_WARN_OBJC_ROOT_CLASS = YES_ERROR;
				CLANG_WARN_RANGE_LOOP_ANALYSIS = YES;
				CLANG_WARN_STRICT_PROTOTYPES = YES;
				CLANG_WARN_SUSPICIOUS_MOVE = YES;
				CLANG_WARN_UNGUARDED_AVAILABILITY = YES_AGGRESSIVE;
				CLANG_WARN_UNREACHABLE_CODE = YES;
				CLANG_WARN__DUPLICATE_METHOD_MATCH = YES;
				COPY_PHASE_STRIP = NO;
				DEBUG_INFORMATION_FORMAT = "dwarf-with-dsym";
				ENABLE_NS_ASSERTIONS = NO;
				ENABLE_STRICT_OBJC_MSGSEND = YES;
				GCC_C_LANGUAGE_STANDARD = gnu11;
				GCC_NO_COMMON_BLOCKS = YES;
				GCC_WARN_64_TO_32_BIT_CONVERSION = YES;
				GCC_WARN_ABOUT_RETURN_TYPE = YES_ERROR;
				GCC_WARN_UNDECLARED_SELECTOR = YES;
				GCC_WARN_UNINITIALIZED_AUTOS = YES_AGGRESSIVE;
				GCC_WARN_UNUSED_FUNCTION = YES;
				GCC_WARN_UNUSED_VARIABLE = YES;
				IPHONEOS_DEPLOYMENT_TARGET = 13.2;
				MTL_ENABLE_DEBUG_INFO = NO;
				MTL_FAST_MATH = YES;
				SDKROOT = iphoneos;
				SWIFT_COMPILATION_MODE = wholemodule;
				SWIFT_OPTIMIZATION_LEVEL = "-O";
				VALIDATE_PRODUCT = YES;
			};
			name = Release;
		};
		E302162223BBC93D002BFDFA /* Debug */ = {
			isa = XCBuildConfiguration;
			buildSettings = {
				ASSETCATALOG_COMPILER_APPICON_NAME = AppIcon;
				CODE_SIGN_STYLE = Automatic;
				DEVELOPMENT_TEAM = YDA9HCN86M;
				INFOPLIST_FILE = ChildViewControllers/Info.plist;
				LD_RUNPATH_SEARCH_PATHS = (
					"$(inherited)",
					"@executable_path/Frameworks",
				);
				PRODUCT_BUNDLE_IDENTIFIER = com.myothurazaw.ChildViewControllers;
				PRODUCT_NAME = "$(TARGET_NAME)";
				SWIFT_VERSION = 5.0;
				TARGETED_DEVICE_FAMILY = "1,2";
			};
			name = Debug;
		};
		E302162323BBC93D002BFDFA /* Release */ = {
			isa = XCBuildConfiguration;
			buildSettings = {
				ASSETCATALOG_COMPILER_APPICON_NAME = AppIcon;
				CODE_SIGN_STYLE = Automatic;
				DEVELOPMENT_TEAM = YDA9HCN86M;
				INFOPLIST_FILE = ChildViewControllers/Info.plist;
				LD_RUNPATH_SEARCH_PATHS = (
					"$(inherited)",
					"@executable_path/Frameworks",
				);
				PRODUCT_BUNDLE_IDENTIFIER = com.myothurazaw.ChildViewControllers;
				PRODUCT_NAME = "$(TARGET_NAME)";
				SWIFT_VERSION = 5.0;
				TARGETED_DEVICE_FAMILY = "1,2";
			};
			name = Release;
		};
/* End XCBuildConfiguration section */

/* Begin XCConfigurationList section */
		E302160823BBC93C002BFDFA /* Build configuration list for PBXProject "ChildViewControllers" */ = {
			isa = XCConfigurationList;
			buildConfigurations = (
				E302161F23BBC93D002BFDFA /* Debug */,
				E302162023BBC93D002BFDFA /* Release */,
			);
			defaultConfigurationIsVisible = 0;
			defaultConfigurationName = Release;
		};
		E302162123BBC93D002BFDFA /* Build configuration list for PBXNativeTarget "ChildViewControllers" */ = {
			isa = XCConfigurationList;
			buildConfigurations = (
				E302162223BBC93D002BFDFA /* Debug */,
				E302162323BBC93D002BFDFA /* Release */,
			);
			defaultConfigurationIsVisible = 0;
			defaultConfigurationName = Release;
		};
/* End XCConfigurationList section */
	};
	rootObject = E302160523BBC93C002BFDFA /* Project object */;
}
